
Microsoft Visual Studio Solution File, Format Version 12.00
# Visual Studio Version 17
VisualStudioVersion = 17.8.34316.72
MinimumVisualStudioVersion = 10.0.40219.1
Project("{888888A0-9F3D-457C-B088-3A5042F75D52}") = "Travel-Management-Web-Tool", "Travel-Management-Web-Tool.pyproj", "{FEB34D81-C4A7-45DE-A3C8-BFE1FD17B799}"
EndProject
Global
	GlobalSection(SolutionConfigurationPlatforms) = preSolution
		Debug|Any CPU = Debug|Any CPU
		Release|Any CPU = Release|Any CPU
	EndGlobalSection
	GlobalSection(ProjectConfigurationPlatforms) = postSolution
		{FEB34D81-C4A7-45DE-A3C8-BFE1FD17B799}.Debug|Any CPU.ActiveCfg = Debug|Any CPU
		{FEB34D81-C4A7-45DE-A3C8-BFE1FD17B799}.Release|Any CPU.ActiveCfg = Release|Any CPU
	EndGlobalSection
	GlobalSection(SolutionProperties) = preSolution
		HideSolutionNode = FALSE
	EndGlobalSection
	GlobalSection(ExtensibilityGlobals) = postSolution
		SolutionGuid = {837D0A53-14EC-4405-A749-8518FD7304DF}
	EndGlobalSection
EndGlobal
